
Microsoft Visual Studio Solution File, Format Version 12.00
# Visual Studio Version 16
VisualStudioVersion = 16.0.29709.97
MinimumVisualStudioVersion = 10.0.40219.1
Project("{FAE04EC0-301F-11D3-BF4B-00C04F79EFBC}") = "cfDotNetPreworkDSA", "cfDotNetPreworkDSA\cfDotNetPreworkDSA.csproj", "{C78AF12A-CC05-4210-BE47-05B4F3FB6259}"
EndProject
Global
	GlobalSection(SolutionConfigurationPlatforms) = preSolution
		Debug|Any CPU = Debug|Any CPU
		Release|Any CPU = Release|Any CPU
	EndGlobalSection
	GlobalSection(ProjectConfigurationPlatforms) = postSolution
		{C78AF12A-CC05-4210-BE47-05B4F3FB6259}.Debug|Any CPU.ActiveCfg = Debug|Any CPU
		{C78AF12A-CC05-4210-BE47-05B4F3FB6259}.Debug|Any CPU.Build.0 = Debug|Any CPU
		{C78AF12A-CC05-4210-BE47-05B4F3FB6259}.Release|Any CPU.ActiveCfg = Release|Any CPU
		{C78AF12A-CC05-4210-BE47-05B4F3FB6259}.Release|Any CPU.Build.0 = Release|Any CPU
	EndGlobalSection
	GlobalSection(SolutionProperties) = preSolution
		HideSolutionNode = FALSE
	EndGlobalSection
	GlobalSection(ExtensibilityGlobals) = postSolution
		SolutionGuid = {65AF65D0-37B6-4851-82A7-B0FDA725D968}
	EndGlobalSection
EndGlobal
